
Microsoft Visual Studio Solution File, Format Version 12.00
# Visual Studio 15
VisualStudioVersion = 15.0.28307.1340
MinimumVisualStudioVersion = 10.0.40219.1
Project("{FAE04EC0-301F-11D3-BF4B-00C04F79EFBC}") = "samplecoreapp", "samplecoreapp\samplecoreapp.csproj", "{9873B67C-BE10-47F6-9BA3-C2CA09048B86}"
EndProject
Global
	GlobalSection(SolutionConfigurationPlatforms) = preSolution
		Debug|Any CPU = Debug|Any CPU
		Release|Any CPU = Release|Any CPU
	EndGlobalSection
	GlobalSection(ProjectConfigurationPlatforms) = postSolution
		{9873B67C-BE10-47F6-9BA3-C2CA09048B86}.Debug|Any CPU.ActiveCfg = Debug|Any CPU
		{9873B67C-BE10-47F6-9BA3-C2CA09048B86}.Debug|Any CPU.Build.0 = Debug|Any CPU
		{9873B67C-BE10-47F6-9BA3-C2CA09048B86}.Release|Any CPU.ActiveCfg = Release|Any CPU
		{9873B67C-BE10-47F6-9BA3-C2CA09048B86}.Release|Any CPU.Build.0 = Release|Any CPU
	EndGlobalSection
	GlobalSection(SolutionProperties) = preSolution
		HideSolutionNode = FALSE
	EndGlobalSection
	GlobalSection(ExtensibilityGlobals) = postSolution
		SolutionGuid = {BDCD7FCB-44AC-4F92-BAD1-8A8A863EA303}
	EndGlobalSection
EndGlobal
